# Exact runtime versions the engine was validated and frozen with (Phase 4).
# Used for reproducible installer builds:  pip install -r requirements.lock
numpy==2.4.6
scipy==1.17.1
scikit-learn==1.9.1
pyproj==3.7.2
joblib==1.6.0
threadpoolctl==3.7.0
certifi==2026.2.25
cloudpickle==3.1.2
narwhals==2.26.0
